
Microsoft Visual Studio Solution File, Format Version 12.00
Project("{FAE04EC0-301F-11D3-BF4B-00C04F79EFBC}") = "NotionReminderService", "NotionReminderService\NotionReminderService.csproj", "{A16A246D-3EBE-474E-AAD2-16F57C3A3E13}"
EndProject
Project("{FAE04EC0-301F-11D3-BF4B-00C04F79EFBC}") = "NotionReminderService.Test", "NotionReminderService.Test\NotionReminderService.Test.csproj", "{E52B4DAF-325A-4BB5-8B4A-789B3F51A502}"
EndProject
Global
	GlobalSection(SolutionConfigurationPlatforms) = preSolution
		Debug|Any CPU = Debug|Any CPU
		Release|Any CPU = Release|Any CPU
	EndGlobalSection
	GlobalSection(ProjectConfigurationPlatforms) = postSolution
		{E52B4DAF-325A-4BB5-8B4A-789B3F51A502}.Debug|Any CPU.ActiveCfg = Debug|Any CPU
		{E52B4DAF-325A-4BB5-8B4A-789B3F51A502}.Release|Any CPU.ActiveCfg = Release|Any CPU
		{E52B4DAF-325A-4BB5-8B4A-789B3F51A502}.Release|Any CPU.Build.0 = Release|Any CPU
		{E52B4DAF-325A-4BB5-8B4A-789B3F51A502}.Debug|Any CPU.Build.0 = Debug|Any CPU
		{A16A246D-3EBE-474E-AAD2-16F57C3A3E13}.Debug|Any CPU.ActiveCfg = Debug|Any CPU
		{A16A246D-3EBE-474E-AAD2-16F57C3A3E13}.Debug|Any CPU.Build.0 = Debug|Any CPU
		{A16A246D-3EBE-474E-AAD2-16F57C3A3E13}.Release|Any CPU.ActiveCfg = Release|Any CPU
		{A16A246D-3EBE-474E-AAD2-16F57C3A3E13}.Release|Any CPU.Build.0 = Release|Any CPU
	EndGlobalSection
EndGlobal
